// !$*UTF8*$!
{
	archiveVersion = 1;
	classes = {
	};
	objectVersion = 46;
	objects = {

/* Begin PBXBuildFile section */
		8728AF541A4EFC64007609D4 /* main.m in Sources */ = {isa = PBXBuildFile; fileRef = 8728AF531A4EFC64007609D4 /* main.m */; };
		8728AF571A4EFC64007609D4 /* AppDelegate.m in Sources */ = {isa = PBXBuildFile; fileRef = 8728AF561A4EFC64007609D4 /* AppDelegate.m */; };
		8728AF5A1A4EFC64007609D4 /* ViewController.m in Sources */ = {isa = PBXBuildFile; fileRef = 8728AF591A4EFC64007609D4 /* ViewController.m */; };
		8728AF5D1A4EFC64007609D4 /* Main.storyboard in Resources */ = {isa = PBXBuildFile; fileRef = 8728AF5B1A4EFC64007609D4 /* Main.storyboard */; };
		8728AF5F1A4EFC64007609D4 /* Images.xcassets in Resources */ = {isa = PBXBuildFile; fileRef = 8728AF5E1A4EFC64007609D4 /* Images.xcassets */; };
		8728AF6E1A4EFC65007609D4 /* DOPScrollableActionSheetTests.m in Sources */ = {isa = PBXBuildFile; fileRef = 8728AF6D1A4EFC65007609D4 /* DOPScrollableActionSheetTests.m */; };
		8728AF791A4F0022007609D4 /* DOPScrollableActionSheet.m in Sources */ = {isa = PBXBuildFile; fileRef = 8728AF781A4F0022007609D4 /* DOPScrollableActionSheet.m */; };
/* End PBXBuildFile section */

/* Begin PBXContainerItemProxy section */
		8728AF681A4EFC64007609D4 /* PBXContainerItemProxy */ = {
			isa = PBXContainerItemProxy;
			containerPortal = 8728AF461A4EFC64007609D4 /* Project object */;
			proxyType = 1;
			remoteGlobalIDString = 8728AF4D1A4EFC64007609D4;
			remoteInfo = DOPScrollableActionSheet;
		};
/* End PBXContainerItemProxy section */

/* Begin PBXFileReference section */
		8728AF4E1A4EFC64007609D4 /* DOPScrollableActionSheet.app */ = {isa = PBXFileReference; explicitFileType = wrapper.application; includeInIndex = 0; path = DOPScrollableActionSheet.app; sourceTree = BUILT_PRODUCTS_DIR; };
		8728AF521A4EFC64007609D4 /* Info.plist */ = {isa = PBXFileReference; lastKnownFileType = text.plist.xml; path = Info.plist; sourceTree = "<group>"; };
		8728AF531A4EFC64007609D4 /* main.m */ = {isa = PBXFileReference; lastKnownFileType = sourcecode.c.objc; path = main.m; sourceTree = "<group>"; };
		8728AF551A4EFC64007609D4 /* AppDelegate.h */ = {isa = PBXFileReference; lastKnownFileType = sourcecode.c.h; path = AppDelegate.h; sourceTree = "<group>"; };
		8728AF561A4EFC64007609D4 /* AppDelegate.m */ = {isa = PBXFileReference; lastKnownFileType = sourcecode.c.objc; path = AppDelegate.m; sourceTree = "<group>"; };
		8728AF581A4EFC64007609D4 /* ViewController.h */ = {isa = PBXFileReference; lastKnownFileType = sourcecode.c.h; path = ViewController.h; sourceTree = "<group>"; };
		8728AF591A4EFC64007609D4 /* ViewController.m */ = {isa = PBXFileReference; lastKnownFileType = sourcecode.c.objc; path = ViewController.m; sourceTree = "<group>"; };
		8728AF5C1A4EFC64007609D4 /* Base */ = {isa = PBXFileReference; lastKnownFileType = file.storyboard; name = Base; path = Base.lproj/Main.storyboard; sourceTree = "<group>"; };
		8728AF5E1A4EFC64007609D4 /* Images.xcassets */ = {isa = PBXFileReference; lastKnownFileType = folder.assetcatalog; path = Images.xcassets; sourceTree = "<group>"; };
		8728AF671A4EFC64007609D4 /* DOPScrollableActionSheetTests.xctest */ = {isa = PBXFileReference; explicitFileType = wrapper.cfbundle; includeInIndex = 0; path = DOPScrollableActionSheetTests.xctest; sourceTree = BUILT_PRODUCTS_DIR; };
		8728AF6C1A4EFC64007609D4 /* Info.plist */ = {isa = PBXFileReference; lastKnownFileType = text.plist.xml; path = Info.plist; sourceTree = "<group>"; };
		8728AF6D1A4EFC65007609D4 /* DOPScrollableActionSheetTests.m */ = {isa = PBXFileReference; lastKnownFileType = sourcecode.c.objc; path = DOPScrollableActionSheetTests.m; sourceTree = "<group>"; };
		8728AF771A4F0022007609D4 /* DOPScrollableActionSheet.h */ = {isa = PBXFileReference; fileEncoding = 4; lastKnownFileType = sourcecode.c.h; name = DOPScrollableActionSheet.h; path = ../../DOPScrollableActionSheet.h; sourceTree = "<group>"; };
		8728AF781A4F0022007609D4 /* DOPScrollableActionSheet.m */ = {isa = PBXFileReference; fileEncoding = 4; lastKnownFileType = sourcecode.c.objc; name = DOPScrollableActionSheet.m; path = ../../DOPScrollableActionSheet.m; sourceTree = "<group>"; };
/* End PBXFileReference section */

/* Begin PBXFrameworksBuildPhase section */
		8728AF4B1A4EFC64007609D4 /* Frameworks */ = {
			isa = PBXFrameworksBuildPhase;
			buildActionMask = 2147483647;
			files = (
			);
			runOnlyForDeploymentPostprocessing = 0;
		};
		8728AF641A4EFC64007609D4 /* Frameworks */ = {
			isa = PBXFrameworksBuildPhase;
			buildActionMask = 2147483647;
			files = (
			);
			runOnlyForDeploymentPostprocessing = 0;
		};
/* End PBXFrameworksBuildPhase section */

/* Begin PBXGroup section */
		8728AF451A4EFC64007609D4 = {
			isa = PBXGroup;
			children = (
				8728AF501A4EFC64007609D4 /* DOPScrollableActionSheet */,
				8728AF6A1A4EFC64007609D4 /* DOPScrollableActionSheetTests */,
				8728AF4F1A4EFC64007609D4 /* Products */,
			);
			sourceTree = "<group>";
		};
		8728AF4F1A4EFC64007609D4 /* Products */ = {
			isa = PBXGroup;
			children = (
				8728AF4E1A4EFC64007609D4 /* DOPScrollableActionSheet.app */,
				8728AF671A4EFC64007609D4 /* DOPScrollableActionSheetTests.xctest */,
			);
			name = Products;
			sourceTree = "<group>";
		};
		8728AF501A4EFC64007609D4 /* DOPScrollableActionSheet */ = {
			isa = PBXGroup;
			children = (
				8728AF551A4EFC64007609D4 /* AppDelegate.h */,
				8728AF561A4EFC64007609D4 /* AppDelegate.m */,
				8728AF581A4EFC64007609D4 /* ViewController.h */,
				8728AF591A4EFC64007609D4 /* ViewController.m */,
				8728AF771A4F0022007609D4 /* DOPScrollableActionSheet.h */,
				8728AF781A4F0022007609D4 /* DOPScrollableActionSheet.m */,
				8728AF5B1A4EFC64007609D4 /* Main.storyboard */,
				8728AF5E1A4EFC64007609D4 /* Images.xcassets */,
				8728AF511A4EFC64007609D4 /* Supporting Files */,
			);
			path = DOPScrollableActionSheet;
			sourceTree = "<group>";
		};
		8728AF511A4EFC64007609D4 /* Supporting Files */ = {
			isa = PBXGroup;
			children = (
				8728AF521A4EFC64007609D4 /* Info.plist */,
				8728AF531A4EFC64007609D4 /* main.m */,
			);
			name = "Supporting Files";
			sourceTree = "<group>";
		};
		8728AF6A1A4EFC64007609D4 /* DOPScrollableActionSheetTests */ = {
			isa = PBXGroup;
			children = (
				8728AF6D1A4EFC65007609D4 /* DOPScrollableActionSheetTests.m */,
				8728AF6B1A4EFC64007609D4 /* Supporting Files */,
			);
			path = DOPScrollableActionSheetTests;
			sourceTree = "<group>";
		};
		8728AF6B1A4EFC64007609D4 /* Supporting Files */ = {
			isa = PBXGroup;
			children = (
				8728AF6C1A4EFC64007609D4 /* Info.plist */,
			);
			name = "Supporting Files";
			sourceTree = "<group>";
		};
/* End PBXGroup section */

/* Begin PBXNativeTarget section */
		8728AF4D1A4EFC64007609D4 /* DOPScrollableActionSheet */ = {
			isa = PBXNativeTarget;
			buildConfigurationList = 8728AF711A4EFC65007609D4 /* Build configuration list for PBXNativeTarget "DOPScrollableActionSheet" */;
			buildPhases = (
				8728AF4A1A4EFC64007609D4 /* Sources */,
				8728AF4B1A4EFC64007609D4 /* Frameworks */,
				8728AF4C1A4EFC64007609D4 /* Resources */,
			);
			buildRules = (
			);
			dependencies = (
			);
			name = DOPScrollableActionSheet;
			productName = DOPScrollableActionSheet;
			productReference = 8728AF4E1A4EFC64007609D4 /* DOPScrollableActionSheet.app */;
			productType = "com.apple.product-type.application";
		};
		8728AF661A4EFC64007609D4 /* DOPScrollableActionSheetTests */ = {
			isa = PBXNativeTarget;
			buildConfigurationList = 8728AF741A4EFC65007609D4 /* Build configuration list for PBXNativeTarget "DOPScrollableActionSheetTests" */;
			buildPhases = (
				8728AF631A4EFC64007609D4 /* Sources */,
				8728AF641A4EFC64007609D4 /* Frameworks */,
				8728AF651A4EFC64007609D4 /* Resources */,
			);
			buildRules = (
			);
			dependencies = (
				8728AF691A4EFC64007609D4 /* PBXTargetDependency */,
			);
			name = DOPScrollableActionSheetTests;
			productName = DOPScrollableActionSheetTests;
			productReference = 8728AF671A4EFC64007609D4 /* DOPScrollableActionSheetTests.xctest */;
			productType = "com.apple.product-type.bundle.unit-test";
		};
/* End PBXNativeTarget section */

/* Begin PBXProject section */
		8728AF461A4EFC64007609D4 /* Project object */ = {
			isa = PBXProject;
			attributes = {
				LastUpgradeCheck = 0610;
				ORGANIZATIONNAME = fengweizhou;
				TargetAttributes = {
					8728AF4D1A4EFC64007609D4 = {
						CreatedOnToolsVersion = 6.1.1;
					};
					8728AF661A4EFC64007609D4 = {
						CreatedOnToolsVersion = 6.1.1;
						TestTargetID = 8728AF4D1A4EFC64007609D4;
					};
				};
			};
			buildConfigurationList = 8728AF491A4EFC64007609D4 /* Build configuration list for PBXProject "DOPScrollableActionSheet" */;
			compatibilityVersion = "Xcode 3.2";
			developmentRegion = English;
			hasScannedForEncodings = 0;
			knownRegions = (
				en,
				Base,
			);
			mainGroup = 8728AF451A4EFC64007609D4;
			productRefGroup = 8728AF4F1A4EFC64007609D4 /* Products */;
			projectDirPath = "";
			projectRoot = "";
			targets = (
				8728AF4D1A4EFC64007609D4 /* DOPScrollableActionSheet */,
				8728AF661A4EFC64007609D4 /* DOPScrollableActionSheetTests */,
			);
		};
/* End PBXProject section */

/* Begin PBXResourcesBuildPhase section */
		8728AF4C1A4EFC64007609D4 /* Resources */ = {
			isa = PBXResourcesBuildPhase;
			buildActionMask = 2147483647;
			files = (
				8728AF5D1A4EFC64007609D4 /* Main.storyboard in Resources */,
				8728AF5F1A4EFC64007609D4 /* Images.xcassets in Resources */,
			);
			runOnlyForDeploymentPostprocessing = 0;
		};
		8728AF651A4EFC64007609D4 /* Resources */ = {
			isa = PBXResourcesBuildPhase;
			buildActionMask = 2147483647;
			files = (
			);
			runOnlyForDeploymentPostprocessing = 0;
		};
/* End PBXResourcesBuildPhase section */

/* Begin PBXSourcesBuildPhase section */
		8728AF4A1A4EFC64007609D4 /* Sources */ = {
			isa = PBXSourcesBuildPhase;
			buildActionMask = 2147483647;
			files = (
				8728AF5A1A4EFC64007609D4 /* ViewController.m in Sources */,
				8728AF571A4EFC64007609D4 /* AppDelegate.m in Sources */,
				8728AF791A4F0022007609D4 /* DOPScrollableActionSheet.m in Sources */,
				8728AF541A4EFC64007609D4 /* main.m in Sources */,
			);
			runOnlyForDeploymentPostprocessing = 0;
		};
		8728AF631A4EFC64007609D4 /* Sources */ = {
			isa = PBXSourcesBuildPhase;
			buildActionMask = 2147483647;
			files = (
				8728AF6E1A4EFC65007609D4 /* DOPScrollableActionSheetTests.m in Sources */,
			);
			runOnlyForDeploymentPostprocessing = 0;
		};
/* End PBXSourcesBuildPhase section */

/* Begin PBXTargetDependency section */
		8728AF691A4EFC64007609D4 /* PBXTargetDependency */ = {
			isa = PBXTargetDependency;
			target = 8728AF4D1A4EFC64007609D4 /* DOPScrollableActionSheet */;
			targetProxy = 8728AF681A4EFC64007609D4 /* PBXContainerItemProxy */;
		};
/* End PBXTargetDependency section */

/* Begin PBXVariantGroup section */
		8728AF5B1A4EFC64007609D4 /* Main.storyboard */ = {
			isa = PBXVariantGroup;
			children = (
				8728AF5C1A4EFC64007609D4 /* Base */,
			);
			name = Main.storyboard;
			sourceTree = "<group>";
		};
/* End PBXVariantGroup section */

/* Begin XCBuildConfiguration section */
		8728AF6F1A4EFC65007609D4 /* Debug */ = {
			isa = XCBuildConfiguration;
			buildSettings = {
				ALWAYS_SEARCH_USER_PATHS = NO;
				CLANG_CXX_LANGUAGE_STANDARD = "gnu++0x";
				CLANG_CXX_LIBRARY = "libc++";
				CLANG_ENABLE_MODULES = YES;
				CLANG_ENABLE_OBJC_ARC = YES;
				CLANG_WARN_BOOL_CONVERSION = YES;
				CLANG_WARN_CONSTANT_CONVERSION = YES;
				CLANG_WARN_DIRECT_OBJC_ISA_USAGE = YES_ERROR;
				CLANG_WARN_EMPTY_BODY = YES;
				CLANG_WARN_ENUM_CONVERSION = YES;
				CLANG_WARN_INT_CONVERSION = YES;
				CLANG_WARN_OBJC_ROOT_CLASS = YES_ERROR;
				CLANG_WARN_UNREACHABLE_CODE = YES;
				CLANG_WARN__DUPLICATE_METHOD_MATCH = YES;
				"CODE_SIGN_IDENTITY[sdk=iphoneos*]" = "iPhone Developer";
				COPY_PHASE_STRIP = NO;
				ENABLE_STRICT_OBJC_MSGSEND = YES;
				GCC_C_LANGUAGE_STANDARD = gnu99;
				GCC_DYNAMIC_NO_PIC = NO;
				GCC_OPTIMIZATION_LEVEL = 0;
				GCC_PREPROCESSOR_DEFINITIONS = (
					"DEBUG=1",
					"$(inherited)",
				);
				GCC_SYMBOLS_PRIVATE_EXTERN = NO;
				GCC_WARN_64_TO_32_BIT_CONVERSION = YES;
				GCC_WARN_ABOUT_RETURN_TYPE = YES_ERROR;
				GCC_WARN_UNDECLARED_SELECTOR = YES;
				GCC_WARN_UNINITIALIZED_AUTOS = YES_AGGRESSIVE;
				GCC_WARN_UNUSED_FUNCTION = YES;
				GCC_WARN_UNUSED_VARIABLE = YES;
				IPHONEOS_DEPLOYMENT_TARGET = 8.1;
				MTL_ENABLE_DEBUG_INFO = YES;
				ONLY_ACTIVE_ARCH = YES;
				SDKROOT = iphoneos;
			};
			name = Debug;
		};
		8728AF701A4EFC65007609D4 /* Release */ = {
			isa = XCBuildConfiguration;
			buildSettings = {
				ALWAYS_SEARCH_USER_PATHS = NO;
				CLANG_CXX_LANGUAGE_STANDARD = "gnu++0x";
				CLANG_CXX_LIBRARY = "libc++";
				CLANG_ENABLE_MODULES = YES;
				CLANG_ENABLE_OBJC_ARC = YES;
				CLANG_WARN_BOOL_CONVERSION = YES;
				CLANG_WARN_CONSTANT_CONVERSION = YES;
				CLANG_WARN_DIRECT_OBJC_ISA_USAGE = YES_ERROR;
				CLANG_WARN_EMPTY_BODY = YES;
				CLANG_WARN_ENUM_CONVERSION = YES;
				CLANG_WARN_INT_CONVERSION = YES;
				CLANG_WARN_OBJC_ROOT_CLASS = YES_ERROR;
				CLANG_WARN_UNREACHABLE_CODE = YES;
				CLANG_WARN__DUPLICATE_METHOD_MATCH = YES;
				"CODE_SIGN_IDENTITY[sdk=iphoneos*]" = "iPhone Developer";
				COPY_PHASE_STRIP = YES;
				ENABLE_NS_ASSERTIONS = NO;
				ENABLE_STRICT_OBJC_MSGSEND = YES;
				GCC_C_LANGUAGE_STANDARD = gnu99;
				GCC_WARN_64_TO_32_BIT_CONVERSION = YES;
				GCC_WARN_ABOUT_RETURN_TYPE = YES_ERROR;
				GCC_WARN_UNDECLARED_SELECTOR = YES;
				GCC_WARN_UNINITIALIZED_AUTOS = YES_AGGRESSIVE;
				GCC_WARN_UNUSED_FUNCTION = YES;
				GCC_WARN_UNUSED_VARIABLE = YES;
				IPHONEOS_DEPLOYMENT_TARGET = 8.1;
				MTL_ENABLE_DEBUG_INFO = NO;
				SDKROOT = iphoneos;
				VALIDATE_PRODUCT = YES;
			};
			name = Release;
		};
		8728AF721A4EFC65007609D4 /* Debug */ = {
			isa = XCBuildConfiguration;
			buildSettings = {
				ASSETCATALOG_COMPILER_APPICON_NAME = AppIcon;
				ASSETCATALOG_COMPILER_LAUNCHIMAGE_NAME = LaunchImage;
				INFOPLIST_FILE = DOPScrollableActionSheet/Info.plist;
				IPHONEOS_DEPLOYMENT_TARGET = 7.0;
				LD_RUNPATH_SEARCH_PATHS = "$(inherited) @executable_path/Frameworks";
				PRODUCT_NAME = "$(TARGET_NAME)";
				TARGETED_DEVICE_FAMILY = "1,2";
			};
			name = Debug;
		};
		8728AF731A4EFC65007609D4 /* Release */ = {
			isa = XCBuildConfiguration;
			buildSettings = {
				ASSETCATALOG_COMPILER_APPICON_NAME = AppIcon;
				ASSETCATALOG_COMPILER_LAUNCHIMAGE_NAME = LaunchImage;
				INFOPLIST_FILE = DOPScrollableActionSheet/Info.plist;
				IPHONEOS_DEPLOYMENT_TARGET = 7.0;
				LD_RUNPATH_SEARCH_PATHS = "$(inherited) @executable_path/Frameworks";
				PRODUCT_NAME = "$(TARGET_NAME)";
				TARGETED_DEVICE_FAMILY = "1,2";
			};
			name = Release;
		};
		8728AF751A4EFC65007609D4 /* Debug */ = {
			isa = XCBuildConfiguration;
			buildSettings = {
				BUNDLE_LOADER = "$(TEST_HOST)";
				FRAMEWORK_SEARCH_PATHS = (
					"$(SDKROOT)/Developer/Library/Frameworks",
					"$(inherited)",
				);
				GCC_PREPROCESSOR_DEFINITIONS = (
					"DEBUG=1",
					"$(inherited)",
				);
				INFOPLIST_FILE = DOPScrollableActionSheetTests/Info.plist;
				LD_RUNPATH_SEARCH_PATHS = "$(inherited) @executable_path/Frameworks @loader_path/Frameworks";
				PRODUCT_NAME = "$(TARGET_NAME)";
				TEST_HOST = "$(BUILT_PRODUCTS_DIR)/DOPScrollableActionSheet.app/DOPScrollableActionSheet";
			};
			name = Debug;
		};
		8728AF761A4EFC65007609D4 /* Release */ = {
			isa = XCBuildConfiguration;
			buildSettings = {
				BUNDLE_LOADER = "$(TEST_HOST)";
				FRAMEWORK_SEARCH_PATHS = (
					"$(SDKROOT)/Developer/Library/Frameworks",
					"$(inherited)",
				);
				INFOPLIST_FILE = DOPScrollableActionSheetTests/Info.plist;
				LD_RUNPATH_SEARCH_PATHS = "$(inherited) @executable_path/Frameworks @loader_path/Frameworks";
				PRODUCT_NAME = "$(TARGET_NAME)";
				TEST_HOST = "$(BUILT_PRODUCTS_DIR)/DOPScrollableActionSheet.app/DOPScrollableActionSheet";
			};
			name = Release;
		};
/* End XCBuildConfiguration section */

/* Begin XCConfigurationList section */
		8728AF491A4EFC64007609D4 /* Build configuration list for PBXProject "DOPScrollableActionSheet" */ = {
			isa = XCConfigurationList;
			buildConfigurations = (
				8728AF6F1A4EFC65007609D4 /* Debug */,
				8728AF701A4EFC65007609D4 /* Release */,
			);
			defaultConfigurationIsVisible = 0;
			defaultConfigurationName = Release;
		};
		8728AF711A4EFC65007609D4 /* Build configuration list for PBXNativeTarget "DOPScrollableActionSheet" */ = {
			isa = XCConfigurationList;
			buildConfigurations = (
				8728AF721A4EFC65007609D4 /* Debug */,
				8728AF731A4EFC65007609D4 /* Release */,
			);
			defaultConfigurationIsVisible = 0;
		};
		8728AF741A4EFC65007609D4 /* Build configuration list for PBXNativeTarget "DOPScrollableActionSheetTests" */ = {
			isa = XCConfigurationList;
			buildConfigurations = (
				8728AF751A4EFC65007609D4 /* Debug */,
				8728AF761A4EFC65007609D4 /* Release */,
			);
			defaultConfigurationIsVisible = 0;
		};
/* End XCConfigurationList section */
	};
	rootObject = 8728AF461A4EFC64007609D4 /* Project object */;
}
